
Microsoft Visual Studio Solution File, Format Version 12.00
# Visual Studio Version 17
VisualStudioVersion = 17.13.35806.99 d17.13
MinimumVisualStudioVersion = 10.0.40219.1
Project("{FAE04EC0-301F-11D3-BF4B-00C04F79EFBC}") = "BIzKidzScholarships.API", "BIzKidzScholarships.API\BIzKidzScholarships.API.csproj", "{F0B49A70-3108-4F78-83C2-26E56A666417}"
EndProject
Project("{FAE04EC0-301F-11D3-BF4B-00C04F79EFBC}") = "BizKidzScholarships.Data", "BizKidzScholarships.Data\BizKidzScholarships.Data.csproj", "{92537B8E-F607-4C12-9FD7-B2CA035B099D}"
EndProject
Global
	GlobalSection(SolutionConfigurationPlatforms) = preSolution
		Debug|Any CPU = Debug|Any CPU
		Release|Any CPU = Release|Any CPU
	EndGlobalSection
	GlobalSection(ProjectConfigurationPlatforms) = postSolution
		{F0B49A70-3108-4F78-83C2-26E56A666417}.Debug|Any CPU.ActiveCfg = Debug|Any CPU
		{F0B49A70-3108-4F78-83C2-26E56A666417}.Debug|Any CPU.Build.0 = Debug|Any CPU
		{F0B49A70-3108-4F78-83C2-26E56A666417}.Release|Any CPU.ActiveCfg = Release|Any CPU
		{F0B49A70-3108-4F78-83C2-26E56A666417}.Release|Any CPU.Build.0 = Release|Any CPU
		{92537B8E-F607-4C12-9FD7-B2CA035B099D}.Debug|Any CPU.ActiveCfg = Debug|Any CPU
		{92537B8E-F607-4C12-9FD7-B2CA035B099D}.Debug|Any CPU.Build.0 = Debug|Any CPU
		{92537B8E-F607-4C12-9FD7-B2CA035B099D}.Release|Any CPU.ActiveCfg = Release|Any CPU
		{92537B8E-F607-4C12-9FD7-B2CA035B099D}.Release|Any CPU.Build.0 = Release|Any CPU
	EndGlobalSection
	GlobalSection(SolutionProperties) = preSolution
		HideSolutionNode = FALSE
	EndGlobalSection
	GlobalSection(ExtensibilityGlobals) = postSolution
		SolutionGuid = {11BD8507-C6A1-4BF1-A6DF-6D87A7F8B1A9}
	EndGlobalSection
EndGlobal
